// !$*UTF8*$!
{
	archiveVersion = 1;
	classes = {
	};
	objectVersion = 48;
	objects = {

/* Begin PBXBuildFile section */
		832ABA542051DC04001F9B50 /* AppDelegate.swift in Sources */ = {isa = PBXBuildFile; fileRef = 832ABA532051DC04001F9B50 /* AppDelegate.swift */; };
		832ABA562051DC04001F9B50 /* ViewController.swift in Sources */ = {isa = PBXBuildFile; fileRef = 832ABA552051DC04001F9B50 /* ViewController.swift */; };
		832ABA592051DC04001F9B50 /* Main.storyboard in Resources */ = {isa = PBXBuildFile; fileRef = 832ABA572051DC04001F9B50 /* Main.storyboard */; };
		832ABA5B2051DC04001F9B50 /* Assets.xcassets in Resources */ = {isa = PBXBuildFile; fileRef = 832ABA5A2051DC04001F9B50 /* Assets.xcassets */; };
		832ABA5E2051DC04001F9B50 /* LaunchScreen.storyboard in Resources */ = {isa = PBXBuildFile; fileRef = 832ABA5C2051DC04001F9B50 /* LaunchScreen.storyboard */; };
		832ABA692051DC04001F9B50 /* CanvasTests.swift in Sources */ = {isa = PBXBuildFile; fileRef = 832ABA682051DC04001F9B50 /* CanvasTests.swift */; };
		832ABA742051DC04001F9B50 /* CanvasUITests.swift in Sources */ = {isa = PBXBuildFile; fileRef = 832ABA732051DC04001F9B50 /* CanvasUITests.swift */; };
		832ABA822051E307001F9B50 /* CanvasViewController.swift in Sources */ = {isa = PBXBuildFile; fileRef = 832ABA812051E307001F9B50 /* CanvasViewController.swift */; };
/* End PBXBuildFile section */

/* Begin PBXContainerItemProxy section */
		832ABA652051DC04001F9B50 /* PBXContainerItemProxy */ = {
			isa = PBXContainerItemProxy;
			containerPortal = 832ABA482051DC04001F9B50 /* Project object */;
			proxyType = 1;
			remoteGlobalIDString = 832ABA4F2051DC04001F9B50;
			remoteInfo = Canvas;
		};
		832ABA702051DC04001F9B50 /* PBXContainerItemProxy */ = {
			isa = PBXContainerItemProxy;
			containerPortal = 832ABA482051DC04001F9B50 /* Project object */;
			proxyType = 1;
			remoteGlobalIDString = 832ABA4F2051DC04001F9B50;
			remoteInfo = Canvas;
		};
/* End PBXContainerItemProxy section */

/* Begin PBXFileReference section */
		832ABA502051DC04001F9B50 /* Canvas.app */ = {isa = PBXFileReference; explicitFileType = wrapper.application; includeInIndex = 0; path = Canvas.app; sourceTree = BUILT_PRODUCTS_DIR; };
		832ABA532051DC04001F9B50 /* AppDelegate.swift */ = {isa = PBXFileReference; lastKnownFileType = sourcecode.swift; path = AppDelegate.swift; sourceTree = "<group>"; };
		832ABA552051DC04001F9B50 /* ViewController.swift */ = {isa = PBXFileReference; lastKnownFileType = sourcecode.swift; path = ViewController.swift; sourceTree = "<group>"; };
		832ABA582051DC04001F9B50 /* Base */ = {isa = PBXFileReference; lastKnownFileType = file.storyboard; name = Base; path = Base.lproj/Main.storyboard; sourceTree = "<group>"; };
		832ABA5A2051DC04001F9B50 /* Assets.xcassets */ = {isa = PBXFileReference; lastKnownFileType = folder.assetcatalog; path = Assets.xcassets; sourceTree = "<group>"; };
		832ABA5D2051DC04001F9B50 /* Base */ = {isa = PBXFileReference; lastKnownFileType = file.storyboard; name = Base; path = Base.lproj/LaunchScreen.storyboard; sourceTree = "<group>"; };
		832ABA5F2051DC04001F9B50 /* Info.plist */ = {isa = PBXFileReference; lastKnownFileType = text.plist.xml; path = Info.plist; sourceTree = "<group>"; };
		832ABA642051DC04001F9B50 /* CanvasTests.xctest */ = {isa = PBXFileReference; explicitFileType = wrapper.cfbundle; includeInIndex = 0; path = CanvasTests.xctest; sourceTree = BUILT_PRODUCTS_DIR; };
		832ABA682051DC04001F9B50 /* CanvasTests.swift */ = {isa = PBXFileReference; lastKnownFileType = sourcecode.swift; path = CanvasTests.swift; sourceTree = "<group>"; };
		832ABA6A2051DC04001F9B50 /* Info.plist */ = {isa = PBXFileReference; lastKnownFileType = text.plist.xml; path = Info.plist; sourceTree = "<group>"; };
		832ABA6F2051DC04001F9B50 /* CanvasUITests.xctest */ = {isa = PBXFileReference; explicitFileType = wrapper.cfbundle; includeInIndex = 0; path = CanvasUITests.xctest; sourceTree = BUILT_PRODUCTS_DIR; };
		832ABA732051DC04001F9B50 /* CanvasUITests.swift */ = {isa = PBXFileReference; lastKnownFileType = sourcecode.swift; path = CanvasUITests.swift; sourceTree = "<group>"; };
		832ABA752051DC04001F9B50 /* Info.plist */ = {isa = PBXFileReference; lastKnownFileType = text.plist.xml; path = Info.plist; sourceTree = "<group>"; };
		832ABA812051E307001F9B50 /* CanvasViewController.swift */ = {isa = PBXFileReference; lastKnownFileType = sourcecode.swift; path = CanvasViewController.swift; sourceTree = "<group>"; };
/* End PBXFileReference section */

/* Begin PBXFrameworksBuildPhase section */
		832ABA4D2051DC04001F9B50 /* Frameworks */ = {
			isa = PBXFrameworksBuildPhase;
			buildActionMask = 2147483647;
			files = (
			);
			runOnlyForDeploymentPostprocessing = 0;
		};
		832ABA612051DC04001F9B50 /* Frameworks */ = {
			isa = PBXFrameworksBuildPhase;
			buildActionMask = 2147483647;
			files = (
			);
			runOnlyForDeploymentPostprocessing = 0;
		};
		832ABA6C2051DC04001F9B50 /* Frameworks */ = {
			isa = PBXFrameworksBuildPhase;
			buildActionMask = 2147483647;
			files = (
			);
			runOnlyForDeploymentPostprocessing = 0;
		};
/* End PBXFrameworksBuildPhase section */

/* Begin PBXGroup section */
		832ABA472051DC04001F9B50 = {
			isa = PBXGroup;
			children = (
				832ABA522051DC04001F9B50 /* Canvas */,
				832ABA672051DC04001F9B50 /* CanvasTests */,
				832ABA722051DC04001F9B50 /* CanvasUITests */,
				832ABA512051DC04001F9B50 /* Products */,
			);
			sourceTree = "<group>";
		};
		832ABA512051DC04001F9B50 /* Products */ = {
			isa = PBXGroup;
			children = (
				832ABA502051DC04001F9B50 /* Canvas.app */,
				832ABA642051DC04001F9B50 /* CanvasTests.xctest */,
				832ABA6F2051DC04001F9B50 /* CanvasUITests.xctest */,
			);
			name = Products;
			sourceTree = "<group>";
		};
		832ABA522051DC04001F9B50 /* Canvas */ = {
			isa = PBXGroup;
			children = (
				832ABA532051DC04001F9B50 /* AppDelegate.swift */,
				832ABA552051DC04001F9B50 /* ViewController.swift */,
				832ABA572051DC04001F9B50 /* Main.storyboard */,
				832ABA5A2051DC04001F9B50 /* Assets.xcassets */,
				832ABA5C2051DC04001F9B50 /* LaunchScreen.storyboard */,
				832ABA5F2051DC04001F9B50 /* Info.plist */,
				832ABA812051E307001F9B50 /* CanvasViewController.swift */,
			);
			path = Canvas;
			sourceTree = "<group>";
		};
		832ABA672051DC04001F9B50 /* CanvasTests */ = {
			isa = PBXGroup;
			children = (
				832ABA682051DC04001F9B50 /* CanvasTests.swift */,
				832ABA6A2051DC04001F9B50 /* Info.plist */,
			);
			path = CanvasTests;
			sourceTree = "<group>";
		};
		832ABA722051DC04001F9B50 /* CanvasUITests */ = {
			isa = PBXGroup;
			children = (
				832ABA732051DC04001F9B50 /* CanvasUITests.swift */,
				832ABA752051DC04001F9B50 /* Info.plist */,
			);
			path = CanvasUITests;
			sourceTree = "<group>";
		};
/* End PBXGroup section */

/* Begin PBXNativeTarget section */
		832ABA4F2051DC04001F9B50 /* Canvas */ = {
			isa = PBXNativeTarget;
			buildConfigurationList = 832ABA782051DC04001F9B50 /* Build configuration list for PBXNativeTarget "Canvas" */;
			buildPhases = (
				832ABA4C2051DC04001F9B50 /* Sources */,
				832ABA4D2051DC04001F9B50 /* Frameworks */,
				832ABA4E2051DC04001F9B50 /* Resources */,
			);
			buildRules = (
			);
			dependencies = (
			);
			name = Canvas;
			productName = Canvas;
			productReference = 832ABA502051DC04001F9B50 /* Canvas.app */;
			productType = "com.apple.product-type.application";
		};
		832ABA632051DC04001F9B50 /* CanvasTests */ = {
			isa = PBXNativeTarget;
			buildConfigurationList = 832ABA7B2051DC04001F9B50 /* Build configuration list for PBXNativeTarget "CanvasTests" */;
			buildPhases = (
				832ABA602051DC04001F9B50 /* Sources */,
				832ABA612051DC04001F9B50 /* Frameworks */,
				832ABA622051DC04001F9B50 /* Resources */,
			);
			buildRules = (
			);
			dependencies = (
				832ABA662051DC04001F9B50 /* PBXTargetDependency */,
			);
			name = CanvasTests;
			productName = CanvasTests;
			productReference = 832ABA642051DC04001F9B50 /* CanvasTests.xctest */;
			productType = "com.apple.product-type.bundle.unit-test";
		};
		832ABA6E2051DC04001F9B50 /* CanvasUITests */ = {
			isa = PBXNativeTarget;
			buildConfigurationList = 832ABA7E2051DC04001F9B50 /* Build configuration list for PBXNativeTarget "CanvasUITests" */;
			buildPhases = (
				832ABA6B2051DC04001F9B50 /* Sources */,
				832ABA6C2051DC04001F9B50 /* Frameworks */,
				832ABA6D2051DC04001F9B50 /* Resources */,
			);
			buildRules = (
			);
			dependencies = (
				832ABA712051DC04001F9B50 /* PBXTargetDependency */,
			);
			name = CanvasUITests;
			productName = CanvasUITests;
			productReference = 832ABA6F2051DC04001F9B50 /* CanvasUITests.xctest */;
			productType = "com.apple.product-type.bundle.ui-testing";
		};
/* End PBXNativeTarget section */

/* Begin PBXProject section */
		832ABA482051DC04001F9B50 /* Project object */ = {
			isa = PBXProject;
			attributes = {
				LastSwiftUpdateCheck = 0920;
				LastUpgradeCheck = 0920;
				ORGANIZATIONNAME = Chris;
				TargetAttributes = {
					832ABA4F2051DC04001F9B50 = {
						CreatedOnToolsVersion = 9.2;
						ProvisioningStyle = Automatic;
					};
					832ABA632051DC04001F9B50 = {
						CreatedOnToolsVersion = 9.2;
						ProvisioningStyle = Automatic;
						TestTargetID = 832ABA4F2051DC04001F9B50;
					};
					832ABA6E2051DC04001F9B50 = {
						CreatedOnToolsVersion = 9.2;
						ProvisioningStyle = Automatic;
						TestTargetID = 832ABA4F2051DC04001F9B50;
					};
				};
			};
			buildConfigurationList = 832ABA4B2051DC04001F9B50 /* Build configuration list for PBXProject "Canvas" */;
			compatibilityVersion = "Xcode 8.0";
			developmentRegion = en;
			hasScannedForEncodings = 0;
			knownRegions = (
				en,
				Base,
			);
			mainGroup = 832ABA472051DC04001F9B50;
			productRefGroup = 832ABA512051DC04001F9B50 /* Products */;
			projectDirPath = "";
			projectRoot = "";
			targets = (
				832ABA4F2051DC04001F9B50 /* Canvas */,
				832ABA632051DC04001F9B50 /* CanvasTests */,
				832ABA6E2051DC04001F9B50 /* CanvasUITests */,
			);
		};
/* End PBXProject section */

/* Begin PBXResourcesBuildPhase section */
		832ABA4E2051DC04001F9B50 /* Resources */ = {
			isa = PBXResourcesBuildPhase;
			buildActionMask = 2147483647;
			files = (
				832ABA5E2051DC04001F9B50 /* LaunchScreen.storyboard in Resources */,
				832ABA5B2051DC04001F9B50 /* Assets.xcassets in Resources */,
				832ABA592051DC04001F9B50 /* Main.storyboard in Resources */,
			);
			runOnlyForDeploymentPostprocessing = 0;
		};
		832ABA622051DC04001F9B50 /* Resources */ = {
			isa = PBXResourcesBuildPhase;
			buildActionMask = 2147483647;
			files = (
			);
			runOnlyForDeploymentPostprocessing = 0;
		};
		832ABA6D2051DC04001F9B50 /* Resources */ = {
			isa = PBXResourcesBuildPhase;
			buildActionMask = 2147483647;
			files = (
			);
			runOnlyForDeploymentPostprocessing = 0;
		};
/* End PBXResourcesBuildPhase section */

/* Begin PBXSourcesBuildPhase section */
		832ABA4C2051DC04001F9B50 /* Sources */ = {
			isa = PBXSourcesBuildPhase;
			buildActionMask = 2147483647;
			files = (
				832ABA562051DC04001F9B50 /* ViewController.swift in Sources */,
				832ABA822051E307001F9B50 /* CanvasViewController.swift in Sources */,
				832ABA542051DC04001F9B50 /* AppDelegate.swift in Sources */,
			);
			runOnlyForDeploymentPostprocessing = 0;
		};
		832ABA602051DC04001F9B50 /* Sources */ = {
			isa = PBXSourcesBuildPhase;
			buildActionMask = 2147483647;
			files = (
				832ABA692051DC04001F9B50 /* CanvasTests.swift in Sources */,
			);
			runOnlyForDeploymentPostprocessing = 0;
		};
		832ABA6B2051DC04001F9B50 /* Sources */ = {
			isa = PBXSourcesBuildPhase;
			buildActionMask = 2147483647;
			files = (
				832ABA742051DC04001F9B50 /* CanvasUITests.swift in Sources */,
			);
			runOnlyForDeploymentPostprocessing = 0;
		};
/* End PBXSourcesBuildPhase section */

/* Begin PBXTargetDependency section */
		832ABA662051DC04001F9B50 /* PBXTargetDependency */ = {
			isa = PBXTargetDependency;
			target = 832ABA4F2051DC04001F9B50 /* Canvas */;
			targetProxy = 832ABA652051DC04001F9B50 /* PBXContainerItemProxy */;
		};
		832ABA712051DC04001F9B50 /* PBXTargetDependency */ = {
			isa = PBXTargetDependency;
			target = 832ABA4F2051DC04001F9B50 /* Canvas */;
			targetProxy = 832ABA702051DC04001F9B50 /* PBXContainerItemProxy */;
		};
/* End PBXTargetDependency section */

/* Begin PBXVariantGroup section */
		832ABA572051DC04001F9B50 /* Main.storyboard */ = {
			isa = PBXVariantGroup;
			children = (
				832ABA582051DC04001F9B50 /* Base */,
			);
			name = Main.storyboard;
			sourceTree = "<group>";
		};
		832ABA5C2051DC04001F9B50 /* LaunchScreen.storyboard */ = {
			isa = PBXVariantGroup;
			children = (
				832ABA5D2051DC04001F9B50 /* Base */,
			);
			name = LaunchScreen.storyboard;
			sourceTree = "<group>";
		};
/* End PBXVariantGroup section */

/* Begin XCBuildConfiguration section */
		832ABA762051DC04001F9B50 /* Debug */ = {
			isa = XCBuildConfiguration;
			buildSettings = {
				ALWAYS_SEARCH_USER_PATHS = NO;
				CLANG_ANALYZER_NONNULL = YES;
				CLANG_ANALYZER_NUMBER_OBJECT_CONVERSION = YES_AGGRESSIVE;
				CLANG_CXX_LANGUAGE_STANDARD = "gnu++14";
				CLANG_CXX_LIBRARY = "libc++";
				CLANG_ENABLE_MODULES = YES;
				CLANG_ENABLE_OBJC_ARC = YES;
				CLANG_WARN_BLOCK_CAPTURE_AUTORELEASING = YES;
				CLANG_WARN_BOOL_CONVERSION = YES;
				CLANG_WARN_COMMA = YES;
				CLANG_WARN_CONSTANT_CONVERSION = YES;
				CLANG_WARN_DIRECT_OBJC_ISA_USAGE = YES_ERROR;
				CLANG_WARN_DOCUMENTATION_COMMENTS = YES;
				CLANG_WARN_EMPTY_BODY = YES;
				CLANG_WARN_ENUM_CONVERSION = YES;
				CLANG_WARN_INFINITE_RECURSION = YES;
				CLANG_WARN_INT_CONVERSION = YES;
				CLANG_WARN_NON_LITERAL_NULL_CONVERSION = YES;
				CLANG_WARN_OBJC_LITERAL_CONVERSION = YES;
				CLANG_WARN_OBJC_ROOT_CLASS = YES_ERROR;
				CLANG_WARN_RANGE_LOOP_ANALYSIS = YES;
				CLANG_WARN_STRICT_PROTOTYPES = YES;
				CLANG_WARN_SUSPICIOUS_MOVE = YES;
				CLANG_WARN_UNGUARDED_AVAILABILITY = YES_AGGRESSIVE;
				CLANG_WARN_UNREACHABLE_CODE = YES;
				CLANG_WARN__DUPLICATE_METHOD_MATCH = YES;
				CODE_SIGN_IDENTITY = "iPhone Developer";
				COPY_PHASE_STRIP = NO;
				DEBUG_INFORMATION_FORMAT = dwarf;
				ENABLE_STRICT_OBJC_MSGSEND = YES;
				ENABLE_TESTABILITY = YES;
				GCC_C_LANGUAGE_STANDARD = gnu11;
				GCC_DYNAMIC_NO_PIC = NO;
				GCC_NO_COMMON_BLOCKS = YES;
				GCC_OPTIMIZATION_LEVEL = 0;
				GCC_PREPROCESSOR_DEFINITIONS = (
					"DEBUG=1",
					"$(inherited)",
				);
				GCC_WARN_64_TO_32_BIT_CONVERSION = YES;
				GCC_WARN_ABOUT_RETURN_TYPE = YES_ERROR;
				GCC_WARN_UNDECLARED_SELECTOR = YES;
				GCC_WARN_UNINITIALIZED_AUTOS = YES_AGGRESSIVE;
				GCC_WARN_UNUSED_FUNCTION = YES;
				GCC_WARN_UNUSED_VARIABLE = YES;
				IPHONEOS_DEPLOYMENT_TARGET = 11.2;
				MTL_ENABLE_DEBUG_INFO = YES;
				ONLY_ACTIVE_ARCH = YES;
				SDKROOT = iphoneos;
				SWIFT_ACTIVE_COMPILATION_CONDITIONS = DEBUG;
				SWIFT_OPTIMIZATION_LEVEL = "-Onone";
			};
			name = Debug;
		};
		832ABA772051DC04001F9B50 /* Release */ = {
			isa = XCBuildConfiguration;
			buildSettings = {
				ALWAYS_SEARCH_USER_PATHS = NO;
				CLANG_ANALYZER_NONNULL = YES;
				CLANG_ANALYZER_NUMBER_OBJECT_CONVERSION = YES_AGGRESSIVE;
				CLANG_CXX_LANGUAGE_STANDARD = "gnu++14";
				CLANG_CXX_LIBRARY = "libc++";
				CLANG_ENABLE_MODULES = YES;
				CLANG_ENABLE_OBJC_ARC = YES;
				CLANG_WARN_BLOCK_CAPTURE_AUTORELEASING = YES;
				CLANG_WARN_BOOL_CONVERSION = YES;
				CLANG_WARN_COMMA = YES;
				CLANG_WARN_CONSTANT_CONVERSION = YES;
				CLANG_WARN_DIRECT_OBJC_ISA_USAGE = YES_ERROR;
				CLANG_WARN_DOCUMENTATION_COMMENTS = YES;
				CLANG_WARN_EMPTY_BODY = YES;
				CLANG_WARN_ENUM_CONVERSION = YES;
				CLANG_WARN_INFINITE_RECURSION = YES;
				CLANG_WARN_INT_CONVERSION = YES;
				CLANG_WARN_NON_LITERAL_NULL_CONVERSION = YES;
				CLANG_WARN_OBJC_LITERAL_CONVERSION = YES;
				CLANG_WARN_OBJC_ROOT_CLASS = YES_ERROR;
				CLANG_WARN_RANGE_LOOP_ANALYSIS = YES;
				CLANG_WARN_STRICT_PROTOTYPES = YES;
				CLANG_WARN_SUSPICIOUS_MOVE = YES;
				CLANG_WARN_UNGUARDED_AVAILABILITY = YES_AGGRESSIVE;
				CLANG_WARN_UNREACHABLE_CODE = YES;
				CLANG_WARN__DUPLICATE_METHOD_MATCH = YES;
				CODE_SIGN_IDENTITY = "iPhone Developer";
				COPY_PHASE_STRIP = NO;
				DEBUG_INFORMATION_FORMAT = "dwarf-with-dsym";
				ENABLE_NS_ASSERTIONS = NO;
				ENABLE_STRICT_OBJC_MSGSEND = YES;
				GCC_C_LANGUAGE_STANDARD = gnu11;
				GCC_NO_COMMON_BLOCKS = YES;
				GCC_WARN_64_TO_32_BIT_CONVERSION = YES;
				GCC_WARN_ABOUT_RETURN_TYPE = YES_ERROR;
				GCC_WARN_UNDECLARED_SELECTOR = YES;
				GCC_WARN_UNINITIALIZED_AUTOS = YES_AGGRESSIVE;
				GCC_WARN_UNUSED_FUNCTION = YES;
				GCC_WARN_UNUSED_VARIABLE = YES;
				IPHONEOS_DEPLOYMENT_TARGET = 11.2;
				MTL_ENABLE_DEBUG_INFO = NO;
				SDKROOT = iphoneos;
				SWIFT_OPTIMIZATION_LEVEL = "-Owholemodule";
				VALIDATE_PRODUCT = YES;
			};
			name = Release;
		};
		832ABA792051DC04001F9B50 /* Debug */ = {
			isa = XCBuildConfiguration;
			buildSettings = {
				ASSETCATALOG_COMPILER_APPICON_NAME = AppIcon;
				CODE_SIGN_STYLE = Automatic;
				INFOPLIST_FILE = Canvas/Info.plist;
				LD_RUNPATH_SEARCH_PATHS = "$(inherited) @executable_path/Frameworks";
				PRODUCT_BUNDLE_IDENTIFIER = chris.Canvas;
				PRODUCT_NAME = "$(TARGET_NAME)";
				SWIFT_VERSION = 4.0;
				TARGETED_DEVICE_FAMILY = "1,2";
			};
			name = Debug;
		};
		832ABA7A2051DC04001F9B50 /* Release */ = {
			isa = XCBuildConfiguration;
			buildSettings = {
				ASSETCATALOG_COMPILER_APPICON_NAME = AppIcon;
				CODE_SIGN_STYLE = Automatic;
				INFOPLIST_FILE = Canvas/Info.plist;
				LD_RUNPATH_SEARCH_PATHS = "$(inherited) @executable_path/Frameworks";
				PRODUCT_BUNDLE_IDENTIFIER = chris.Canvas;
				PRODUCT_NAME = "$(TARGET_NAME)";
				SWIFT_VERSION = 4.0;
				TARGETED_DEVICE_FAMILY = "1,2";
			};
			name = Release;
		};
		832ABA7C2051DC04001F9B50 /* Debug */ = {
			isa = XCBuildConfiguration;
			buildSettings = {
				ALWAYS_EMBED_SWIFT_STANDARD_LIBRARIES = YES;
				BUNDLE_LOADER = "$(TEST_HOST)";
				CODE_SIGN_STYLE = Automatic;
				INFOPLIST_FILE = CanvasTests/Info.plist;
				LD_RUNPATH_SEARCH_PATHS = "$(inherited) @executable_path/Frameworks @loader_path/Frameworks";
				PRODUCT_BUNDLE_IDENTIFIER = chris.CanvasTests;
				PRODUCT_NAME = "$(TARGET_NAME)";
				SWIFT_VERSION = 4.0;
				TARGETED_DEVICE_FAMILY = "1,2";
				TEST_HOST = "$(BUILT_PRODUCTS_DIR)/Canvas.app/Canvas";
			};
			name = Debug;
		};
		832ABA7D2051DC04001F9B50 /* Release */ = {
			isa = XCBuildConfiguration;
			buildSettings = {
				ALWAYS_EMBED_SWIFT_STANDARD_LIBRARIES = YES;
				BUNDLE_LOADER = "$(TEST_HOST)";
				CODE_SIGN_STYLE = Automatic;
				INFOPLIST_FILE = CanvasTests/Info.plist;
				LD_RUNPATH_SEARCH_PATHS = "$(inherited) @executable_path/Frameworks @loader_path/Frameworks";
				PRODUCT_BUNDLE_IDENTIFIER = chris.CanvasTests;
				PRODUCT_NAME = "$(TARGET_NAME)";
				SWIFT_VERSION = 4.0;
				TARGETED_DEVICE_FAMILY = "1,2";
				TEST_HOST = "$(BUILT_PRODUCTS_DIR)/Canvas.app/Canvas";
			};
			name = Release;
		};
		832ABA7F2051DC04001F9B50 /* Debug */ = {
			isa = XCBuildConfiguration;
			buildSettings = {
				ALWAYS_EMBED_SWIFT_STANDARD_LIBRARIES = YES;
				CODE_SIGN_STYLE = Automatic;
				INFOPLIST_FILE = CanvasUITests/Info.plist;
				LD_RUNPATH_SEARCH_PATHS = "$(inherited) @executable_path/Frameworks @loader_path/Frameworks";
				PRODUCT_BUNDLE_IDENTIFIER = chris.CanvasUITests;
				PRODUCT_NAME = "$(TARGET_NAME)";
				SWIFT_VERSION = 4.0;
				TARGETED_DEVICE_FAMILY = "1,2";
				TEST_TARGET_NAME = Canvas;
			};
			name = Debug;
		};
		832ABA802051DC04001F9B50 /* Release */ = {
			isa = XCBuildConfiguration;
			buildSettings = {
				ALWAYS_EMBED_SWIFT_STANDARD_LIBRARIES = YES;
				CODE_SIGN_STYLE = Automatic;
				INFOPLIST_FILE = CanvasUITests/Info.plist;
				LD_RUNPATH_SEARCH_PATHS = "$(inherited) @executable_path/Frameworks @loader_path/Frameworks";
				PRODUCT_BUNDLE_IDENTIFIER = chris.CanvasUITests;
				PRODUCT_NAME = "$(TARGET_NAME)";
				SWIFT_VERSION = 4.0;
				TARGETED_DEVICE_FAMILY = "1,2";
				TEST_TARGET_NAME = Canvas;
			};
			name = Release;
		};
/* End XCBuildConfiguration section */

/* Begin XCConfigurationList section */
		832ABA4B2051DC04001F9B50 /* Build configuration list for PBXProject "Canvas" */ = {
			isa = XCConfigurationList;
			buildConfigurations = (
				832ABA762051DC04001F9B50 /* Debug */,
				832ABA772051DC04001F9B50 /* Release */,
			);
			defaultConfigurationIsVisible = 0;
			defaultConfigurationName = Release;
		};
		832ABA782051DC04001F9B50 /* Build configuration list for PBXNativeTarget "Canvas" */ = {
			isa = XCConfigurationList;
			buildConfigurations = (
				832ABA792051DC04001F9B50 /* Debug */,
				832ABA7A2051DC04001F9B50 /* Release */,
			);
			defaultConfigurationIsVisible = 0;
			defaultConfigurationName = Release;
		};
		832ABA7B2051DC04001F9B50 /* Build configuration list for PBXNativeTarget "CanvasTests" */ = {
			isa = XCConfigurationList;
			buildConfigurations = (
				832ABA7C2051DC04001F9B50 /* Debug */,
				832ABA7D2051DC04001F9B50 /* Release */,
			);
			defaultConfigurationIsVisible = 0;
			defaultConfigurationName = Release;
		};
		832ABA7E2051DC04001F9B50 /* Build configuration list for PBXNativeTarget "CanvasUITests" */ = {
			isa = XCConfigurationList;
			buildConfigurations = (
				832ABA7F2051DC04001F9B50 /* Debug */,
				832ABA802051DC04001F9B50 /* Release */,
			);
			defaultConfigurationIsVisible = 0;
			defaultConfigurationName = Release;
		};
/* End XCConfigurationList section */
	};
	rootObject = 832ABA482051DC04001F9B50 /* Project object */;
}
